// !$*UTF8*$!
{
	archiveVersion = 1;
	classes = {
	};
	objectVersion = 46;
	objects = {

/* Begin PBXBuildFile section */
		98981C431B52F9E7007017FA /* MTEpisodeCell.m in Sources */ = {isa = PBXBuildFile; fileRef = 98981C421B52F9E7007017FA /* MTEpisodeCell.m */; };
		98C20ADB1B51E8B7000A33C3 /* main.m in Sources */ = {isa = PBXBuildFile; fileRef = 98C20ADA1B51E8B7000A33C3 /* main.m */; };
		98C20ADE1B51E8B7000A33C3 /* AppDelegate.m in Sources */ = {isa = PBXBuildFile; fileRef = 98C20ADD1B51E8B7000A33C3 /* AppDelegate.m */; };
		98C20AE11B51E8B7000A33C3 /* ViewController.m in Sources */ = {isa = PBXBuildFile; fileRef = 98C20AE01B51E8B7000A33C3 /* ViewController.m */; };
		98C20AE41B51E8B7000A33C3 /* Main.storyboard in Resources */ = {isa = PBXBuildFile; fileRef = 98C20AE21B51E8B7000A33C3 /* Main.storyboard */; };
		98C20AE61B51E8B7000A33C3 /* Images.xcassets in Resources */ = {isa = PBXBuildFile; fileRef = 98C20AE51B51E8B7000A33C3 /* Images.xcassets */; };
		98C20AE91B51E8B7000A33C3 /* LaunchScreen.xib in Resources */ = {isa = PBXBuildFile; fileRef = 98C20AE71B51E8B7000A33C3 /* LaunchScreen.xib */; };
		98C20AF51B51E8B7000A33C3 /* NSURLSessionBartJacobs__3Tests.m in Sources */ = {isa = PBXBuildFile; fileRef = 98C20AF41B51E8B7000A33C3 /* NSURLSessionBartJacobs__3Tests.m */; };
		98C20B001B51E98F000A33C3 /* MTSearchViewController.m in Sources */ = {isa = PBXBuildFile; fileRef = 98C20AFF1B51E98F000A33C3 /* MTSearchViewController.m */; };
		E6C7981573FEC26C34A95659 /* libPods.a in Frameworks */ = {isa = PBXBuildFile; fileRef = 9D9B1E470D3639171C8CBA57 /* libPods.a */; };
/* End PBXBuildFile section */

/* Begin PBXContainerItemProxy section */
		98C20AEF1B51E8B7000A33C3 /* PBXContainerItemProxy */ = {
			isa = PBXContainerItemProxy;
			containerPortal = 98C20ACD1B51E8B7000A33C3 /* Project object */;
			proxyType = 1;
			remoteGlobalIDString = 98C20AD41B51E8B7000A33C3;
			remoteInfo = "NSURLSessionBartJacobs教程3";
		};
/* End PBXContainerItemProxy section */

/* Begin PBXFileReference section */
		98981C411B52F9E7007017FA /* MTEpisodeCell.h */ = {isa = PBXFileReference; fileEncoding = 4; lastKnownFileType = sourcecode.c.h; path = MTEpisodeCell.h; sourceTree = "<group>"; };
		98981C421B52F9E7007017FA /* MTEpisodeCell.m */ = {isa = PBXFileReference; fileEncoding = 4; lastKnownFileType = sourcecode.c.objc; path = MTEpisodeCell.m; sourceTree = "<group>"; };
		98C20AD51B51E8B7000A33C3 /* NSURLSessionBartJacobs教程3.app */ = {isa = PBXFileReference; explicitFileType = wrapper.application; includeInIndex = 0; path = "NSURLSessionBartJacobs教程3.app"; sourceTree = BUILT_PRODUCTS_DIR; };
		98C20AD91B51E8B7000A33C3 /* Info.plist */ = {isa = PBXFileReference; lastKnownFileType = text.plist.xml; path = Info.plist; sourceTree = "<group>"; };
		98C20ADA1B51E8B7000A33C3 /* main.m */ = {isa = PBXFileReference; lastKnownFileType = sourcecode.c.objc; path = main.m; sourceTree = "<group>"; };
		98C20ADC1B51E8B7000A33C3 /* AppDelegate.h */ = {isa = PBXFileReference; lastKnownFileType = sourcecode.c.h; path = AppDelegate.h; sourceTree = "<group>"; };
		98C20ADD1B51E8B7000A33C3 /* AppDelegate.m */ = {isa = PBXFileReference; lastKnownFileType = sourcecode.c.objc; path = AppDelegate.m; sourceTree = "<group>"; };
		98C20ADF1B51E8B7000A33C3 /* ViewController.h */ = {isa = PBXFileReference; lastKnownFileType = sourcecode.c.h; path = ViewController.h; sourceTree = "<group>"; };
		98C20AE01B51E8B7000A33C3 /* ViewController.m */ = {isa = PBXFileReference; lastKnownFileType = sourcecode.c.objc; path = ViewController.m; sourceTree = "<group>"; };
		98C20AE31B51E8B7000A33C3 /* Base */ = {isa = PBXFileReference; lastKnownFileType = file.storyboard; name = Base; path = Base.lproj/Main.storyboard; sourceTree = "<group>"; };
		98C20AE51B51E8B7000A33C3 /* Images.xcassets */ = {isa = PBXFileReference; lastKnownFileType = folder.assetcatalog; path = Images.xcassets; sourceTree = "<group>"; };
		98C20AE81B51E8B7000A33C3 /* Base */ = {isa = PBXFileReference; lastKnownFileType = file.xib; name = Base; path = Base.lproj/LaunchScreen.xib; sourceTree = "<group>"; };
		98C20AEE1B51E8B7000A33C3 /* NSURLSessionBartJacobs教程3Tests.xctest */ = {isa = PBXFileReference; explicitFileType = wrapper.cfbundle; includeInIndex = 0; path = "NSURLSessionBartJacobs教程3Tests.xctest"; sourceTree = BUILT_PRODUCTS_DIR; };
		98C20AF31B51E8B7000A33C3 /* Info.plist */ = {isa = PBXFileReference; lastKnownFileType = text.plist.xml; path = Info.plist; sourceTree = "<group>"; };
		98C20AF41B51E8B7000A33C3 /* NSURLSessionBartJacobs__3Tests.m */ = {isa = PBXFileReference; lastKnownFileType = sourcecode.c.objc; path = NSURLSessionBartJacobs__3Tests.m; sourceTree = "<group>"; };
		98C20AFE1B51E98F000A33C3 /* MTSearchViewController.h */ = {isa = PBXFileReference; fileEncoding = 4; lastKnownFileType = sourcecode.c.h; path = MTSearchViewController.h; sourceTree = "<group>"; };
		98C20AFF1B51E98F000A33C3 /* MTSearchViewController.m */ = {isa = PBXFileReference; fileEncoding = 4; lastKnownFileType = sourcecode.c.objc; path = MTSearchViewController.m; sourceTree = "<group>"; };
		9D9B1E470D3639171C8CBA57 /* libPods.a */ = {isa = PBXFileReference; explicitFileType = archive.ar; includeInIndex = 0; path = libPods.a; sourceTree = BUILT_PRODUCTS_DIR; };
		BA32169D8A77167E0E5D1FB0 /* Pods.release.xcconfig */ = {isa = PBXFileReference; includeInIndex = 1; lastKnownFileType = text.xcconfig; name = Pods.release.xcconfig; path = "Pods/Target Support Files/Pods/Pods.release.xcconfig"; sourceTree = "<group>"; };
		F29F4540F07AB3153D5294C8 /* Pods.debug.xcconfig */ = {isa = PBXFileReference; includeInIndex = 1; lastKnownFileType = text.xcconfig; name = Pods.debug.xcconfig; path = "Pods/Target Support Files/Pods/Pods.debug.xcconfig"; sourceTree = "<group>"; };
/* End PBXFileReference section */

/* Begin PBXFrameworksBuildPhase section */
		98C20AD21B51E8B7000A33C3 /* Frameworks */ = {
			isa = PBXFrameworksBuildPhase;
			buildActionMask = 2147483647;
			files = (
				E6C7981573FEC26C34A95659 /* libPods.a in Frameworks */,
			);
			runOnlyForDeploymentPostprocessing = 0;
		};
		98C20AEB1B51E8B7000A33C3 /* Frameworks */ = {
			isa = PBXFrameworksBuildPhase;
			buildActionMask = 2147483647;
			files = (
			);
			runOnlyForDeploymentPostprocessing = 0;
		};
/* End PBXFrameworksBuildPhase section */

/* Begin PBXGroup section */
		0C0F5AF2B7E536F47F6DD0A3 /* Pods */ = {
			isa = PBXGroup;
			children = (
				F29F4540F07AB3153D5294C8 /* Pods.debug.xcconfig */,
				BA32169D8A77167E0E5D1FB0 /* Pods.release.xcconfig */,
			);
			name = Pods;
			sourceTree = "<group>";
		};
		7CB34F56D0718F894D16377D /* Frameworks */ = {
			isa = PBXGroup;
			children = (
				9D9B1E470D3639171C8CBA57 /* libPods.a */,
			);
			name = Frameworks;
			sourceTree = "<group>";
		};
		98C20ACC1B51E8B7000A33C3 = {
			isa = PBXGroup;
			children = (
				98C20AD71B51E8B7000A33C3 /* NSURLSessionBartJacobs教程3 */,
				98C20AF11B51E8B7000A33C3 /* NSURLSessionBartJacobs教程3Tests */,
				98C20AD61B51E8B7000A33C3 /* Products */,
				0C0F5AF2B7E536F47F6DD0A3 /* Pods */,
				7CB34F56D0718F894D16377D /* Frameworks */,
			);
			sourceTree = "<group>";
		};
		98C20AD61B51E8B7000A33C3 /* Products */ = {
			isa = PBXGroup;
			children = (
				98C20AD51B51E8B7000A33C3 /* NSURLSessionBartJacobs教程3.app */,
				98C20AEE1B51E8B7000A33C3 /* NSURLSessionBartJacobs教程3Tests.xctest */,
			);
			name = Products;
			sourceTree = "<group>";
		};
		98C20AD71B51E8B7000A33C3 /* NSURLSessionBartJacobs教程3 */ = {
			isa = PBXGroup;
			children = (
				98981C411B52F9E7007017FA /* MTEpisodeCell.h */,
				98981C421B52F9E7007017FA /* MTEpisodeCell.m */,
				98C20ADC1B51E8B7000A33C3 /* AppDelegate.h */,
				98C20ADD1B51E8B7000A33C3 /* AppDelegate.m */,
				98C20ADF1B51E8B7000A33C3 /* ViewController.h */,
				98C20AE01B51E8B7000A33C3 /* ViewController.m */,
				98C20AE21B51E8B7000A33C3 /* Main.storyboard */,
				98C20AFE1B51E98F000A33C3 /* MTSearchViewController.h */,
				98C20AFF1B51E98F000A33C3 /* MTSearchViewController.m */,
				98C20AE51B51E8B7000A33C3 /* Images.xcassets */,
				98C20AE71B51E8B7000A33C3 /* LaunchScreen.xib */,
				98C20AD81B51E8B7000A33C3 /* Supporting Files */,
			);
			path = "NSURLSessionBartJacobs教程3";
			sourceTree = "<group>";
		};
		98C20AD81B51E8B7000A33C3 /* Supporting Files */ = {
			isa = PBXGroup;
			children = (
				98C20AD91B51E8B7000A33C3 /* Info.plist */,
				98C20ADA1B51E8B7000A33C3 /* main.m */,
			);
			name = "Supporting Files";
			sourceTree = "<group>";
		};
		98C20AF11B51E8B7000A33C3 /* NSURLSessionBartJacobs教程3Tests */ = {
			isa = PBXGroup;
			children = (
				98C20AF41B51E8B7000A33C3 /* NSURLSessionBartJacobs__3Tests.m */,
				98C20AF21B51E8B7000A33C3 /* Supporting Files */,
			);
			path = "NSURLSessionBartJacobs教程3Tests";
			sourceTree = "<group>";
		};
		98C20AF21B51E8B7000A33C3 /* Supporting Files */ = {
			isa = PBXGroup;
			children = (
				98C20AF31B51E8B7000A33C3 /* Info.plist */,
			);
			name = "Supporting Files";
			sourceTree = "<group>";
		};
/* End PBXGroup section */

/* Begin PBXNativeTarget section */
		98C20AD41B51E8B7000A33C3 /* NSURLSessionBartJacobs教程3 */ = {
			isa = PBXNativeTarget;
			buildConfigurationList = 98C20AF81B51E8B7000A33C3 /* Build configuration list for PBXNativeTarget "NSURLSessionBartJacobs教程3" */;
			buildPhases = (
				D719DE44AD41E1030E6E1FF7 /* Check Pods Manifest.lock */,
				98C20AD11B51E8B7000A33C3 /* Sources */,
				98C20AD21B51E8B7000A33C3 /* Frameworks */,
				98C20AD31B51E8B7000A33C3 /* Resources */,
				5FB95796865C627FE6FBC25B /* Copy Pods Resources */,
			);
			buildRules = (
			);
			dependencies = (
			);
			name = "NSURLSessionBartJacobs教程3";
			productName = "NSURLSessionBartJacobs教程3";
			productReference = 98C20AD51B51E8B7000A33C3 /* NSURLSessionBartJacobs教程3.app */;
			productType = "com.apple.product-type.application";
		};
		98C20AED1B51E8B7000A33C3 /* NSURLSessionBartJacobs教程3Tests */ = {
			isa = PBXNativeTarget;
			buildConfigurationList = 98C20AFB1B51E8B7000A33C3 /* Build configuration list for PBXNativeTarget "NSURLSessionBartJacobs教程3Tests" */;
			buildPhases = (
				98C20AEA1B51E8B7000A33C3 /* Sources */,
				98C20AEB1B51E8B7000A33C3 /* Frameworks */,
				98C20AEC1B51E8B7000A33C3 /* Resources */,
			);
			buildRules = (
			);
			dependencies = (
				98C20AF01B51E8B7000A33C3 /* PBXTargetDependency */,
			);
			name = "NSURLSessionBartJacobs教程3Tests";
			productName = "NSURLSessionBartJacobs教程3Tests";
			productReference = 98C20AEE1B51E8B7000A33C3 /* NSURLSessionBartJacobs教程3Tests.xctest */;
			productType = "com.apple.product-type.bundle.unit-test";
		};
/* End PBXNativeTarget section */

/* Begin PBXProject section */
		98C20ACD1B51E8B7000A33C3 /* Project object */ = {
			isa = PBXProject;
			attributes = {
				LastUpgradeCheck = 0630;
				ORGANIZATIONNAME = sucex;
				TargetAttributes = {
					98C20AD41B51E8B7000A33C3 = {
						CreatedOnToolsVersion = 6.3.2;
					};
					98C20AED1B51E8B7000A33C3 = {
						CreatedOnToolsVersion = 6.3.2;
						TestTargetID = 98C20AD41B51E8B7000A33C3;
					};
				};
			};
			buildConfigurationList = 98C20AD01B51E8B7000A33C3 /* Build configuration list for PBXProject "NSURLSessionBartJacobs教程3" */;
			compatibilityVersion = "Xcode 3.2";
			developmentRegion = English;
			hasScannedForEncodings = 0;
			knownRegions = (
				en,
				Base,
			);
			mainGroup = 98C20ACC1B51E8B7000A33C3;
			productRefGroup = 98C20AD61B51E8B7000A33C3 /* Products */;
			projectDirPath = "";
			projectRoot = "";
			targets = (
				98C20AD41B51E8B7000A33C3 /* NSURLSessionBartJacobs教程3 */,
				98C20AED1B51E8B7000A33C3 /* NSURLSessionBartJacobs教程3Tests */,
			);
		};
/* End PBXProject section */

/* Begin PBXResourcesBuildPhase section */
		98C20AD31B51E8B7000A33C3 /* Resources */ = {
			isa = PBXResourcesBuildPhase;
			buildActionMask = 2147483647;
			files = (
				98C20AE41B51E8B7000A33C3 /* Main.storyboard in Resources */,
				98C20AE91B51E8B7000A33C3 /* LaunchScreen.xib in Resources */,
				98C20AE61B51E8B7000A33C3 /* Images.xcassets in Resources */,
			);
			runOnlyForDeploymentPostprocessing = 0;
		};
		98C20AEC1B51E8B7000A33C3 /* Resources */ = {
			isa = PBXResourcesBuildPhase;
			buildActionMask = 2147483647;
			files = (
			);
			runOnlyForDeploymentPostprocessing = 0;
		};
/* End PBXResourcesBuildPhase section */

/* Begin PBXShellScriptBuildPhase section */
		5FB95796865C627FE6FBC25B /* Copy Pods Resources */ = {
			isa = PBXShellScriptBuildPhase;
			buildActionMask = 2147483647;
			files = (
			);
			inputPaths = (
			);
			name = "Copy Pods Resources";
			outputPaths = (
			);
			runOnlyForDeploymentPostprocessing = 0;
			shellPath = /bin/sh;
			shellScript = "\"${SRCROOT}/Pods/Target Support Files/Pods/Pods-resources.sh\"\n";
			showEnvVarsInLog = 0;
		};
		D719DE44AD41E1030E6E1FF7 /* Check Pods Manifest.lock */ = {
			isa = PBXShellScriptBuildPhase;
			buildActionMask = 2147483647;
			files = (
			);
			inputPaths = (
			);
			name = "Check Pods Manifest.lock";
			outputPaths = (
			);
			runOnlyForDeploymentPostprocessing = 0;
			shellPath = /bin/sh;
			shellScript = "diff \"${PODS_ROOT}/../Podfile.lock\" \"${PODS_ROOT}/Manifest.lock\" > /dev/null\nif [[ $? != 0 ]] ; then\n    cat << EOM\nerror: The sandbox is not in sync with the Podfile.lock. Run 'pod install' or update your CocoaPods installation.\nEOM\n    exit 1\nfi\n";
			showEnvVarsInLog = 0;
		};
/* End PBXShellScriptBuildPhase section */

/* Begin PBXSourcesBuildPhase section */
		98C20AD11B51E8B7000A33C3 /* Sources */ = {
			isa = PBXSourcesBuildPhase;
			buildActionMask = 2147483647;
			files = (
				98C20AE11B51E8B7000A33C3 /* ViewController.m in Sources */,
				98C20B001B51E98F000A33C3 /* MTSearchViewController.m in Sources */,
				98C20ADE1B51E8B7000A33C3 /* AppDelegate.m in Sources */,
				98981C431B52F9E7007017FA /* MTEpisodeCell.m in Sources */,
				98C20ADB1B51E8B7000A33C3 /* main.m in Sources */,
			);
			runOnlyForDeploymentPostprocessing = 0;
		};
		98C20AEA1B51E8B7000A33C3 /* Sources */ = {
			isa = PBXSourcesBuildPhase;
			buildActionMask = 2147483647;
			files = (
				98C20AF51B51E8B7000A33C3 /* NSURLSessionBartJacobs__3Tests.m in Sources */,
			);
			runOnlyForDeploymentPostprocessing = 0;
		};
/* End PBXSourcesBuildPhase section */

/* Begin PBXTargetDependency section */
		98C20AF01B51E8B7000A33C3 /* PBXTargetDependency */ = {
			isa = PBXTargetDependency;
			target = 98C20AD41B51E8B7000A33C3 /* NSURLSessionBartJacobs教程3 */;
			targetProxy = 98C20AEF1B51E8B7000A33C3 /* PBXContainerItemProxy */;
		};
/* End PBXTargetDependency section */

/* Begin PBXVariantGroup section */
		98C20AE21B51E8B7000A33C3 /* Main.storyboard */ = {
			isa = PBXVariantGroup;
			children = (
				98C20AE31B51E8B7000A33C3 /* Base */,
			);
			name = Main.storyboard;
			sourceTree = "<group>";
		};
		98C20AE71B51E8B7000A33C3 /* LaunchScreen.xib */ = {
			isa = PBXVariantGroup;
			children = (
				98C20AE81B51E8B7000A33C3 /* Base */,
			);
			name = LaunchScreen.xib;
			sourceTree = "<group>";
		};
/* End PBXVariantGroup section */

/* Begin XCBuildConfiguration section */
		98C20AF61B51E8B7000A33C3 /* Debug */ = {
			isa = XCBuildConfiguration;
			buildSettings = {
				ALWAYS_SEARCH_USER_PATHS = NO;
				CLANG_CXX_LANGUAGE_STANDARD = "gnu++0x";
				CLANG_CXX_LIBRARY = "libc++";
				CLANG_ENABLE_MODULES = YES;
				CLANG_ENABLE_OBJC_ARC = YES;
				CLANG_WARN_BOOL_CONVERSION = YES;
				CLANG_WARN_CONSTANT_CONVERSION = YES;
				CLANG_WARN_DIRECT_OBJC_ISA_USAGE = YES_ERROR;
				CLANG_WARN_EMPTY_BODY = YES;
				CLANG_WARN_ENUM_CONVERSION = YES;
				CLANG_WARN_INT_CONVERSION = YES;
				CLANG_WARN_OBJC_ROOT_CLASS = YES_ERROR;
				CLANG_WARN_UNREACHABLE_CODE = YES;
				CLANG_WARN__DUPLICATE_METHOD_MATCH = YES;
				"CODE_SIGN_IDENTITY[sdk=iphoneos*]" = "iPhone Developer";
				COPY_PHASE_STRIP = NO;
				DEBUG_INFORMATION_FORMAT = "dwarf-with-dsym";
				ENABLE_STRICT_OBJC_MSGSEND = YES;
				GCC_C_LANGUAGE_STANDARD = gnu99;
				GCC_DYNAMIC_NO_PIC = NO;
				GCC_NO_COMMON_BLOCKS = YES;
				GCC_OPTIMIZATION_LEVEL = 0;
				GCC_PREPROCESSOR_DEFINITIONS = (
					"DEBUG=1",
					"$(inherited)",
				);
				GCC_SYMBOLS_PRIVATE_EXTERN = NO;
				GCC_WARN_64_TO_32_BIT_CONVERSION = YES;
				GCC_WARN_ABOUT_RETURN_TYPE = YES_ERROR;
				GCC_WARN_UNDECLARED_SELECTOR = YES;
				GCC_WARN_UNINITIALIZED_AUTOS = YES_AGGRESSIVE;
				GCC_WARN_UNUSED_FUNCTION = YES;
				GCC_WARN_UNUSED_VARIABLE = YES;
				IPHONEOS_DEPLOYMENT_TARGET = 8.3;
				MTL_ENABLE_DEBUG_INFO = YES;
				ONLY_ACTIVE_ARCH = YES;
				SDKROOT = iphoneos;
			};
			name = Debug;
		};
		98C20AF71B51E8B7000A33C3 /* Release */ = {
			isa = XCBuildConfiguration;
			buildSettings = {
				ALWAYS_SEARCH_USER_PATHS = NO;
				CLANG_CXX_LANGUAGE_STANDARD = "gnu++0x";
				CLANG_CXX_LIBRARY = "libc++";
				CLANG_ENABLE_MODULES = YES;
				CLANG_ENABLE_OBJC_ARC = YES;
				CLANG_WARN_BOOL_CONVERSION = YES;
				CLANG_WARN_CONSTANT_CONVERSION = YES;
				CLANG_WARN_DIRECT_OBJC_ISA_USAGE = YES_ERROR;
				CLANG_WARN_EMPTY_BODY = YES;
				CLANG_WARN_ENUM_CONVERSION = YES;
				CLANG_WARN_INT_CONVERSION = YES;
				CLANG_WARN_OBJC_ROOT_CLASS = YES_ERROR;
				CLANG_WARN_UNREACHABLE_CODE = YES;
				CLANG_WARN__DUPLICATE_METHOD_MATCH = YES;
				"CODE_SIGN_IDENTITY[sdk=iphoneos*]" = "iPhone Developer";
				COPY_PHASE_STRIP = NO;
				DEBUG_INFORMATION_FORMAT = "dwarf-with-dsym";
				ENABLE_NS_ASSERTIONS = NO;
				ENABLE_STRICT_OBJC_MSGSEND = YES;
				GCC_C_LANGUAGE_STANDARD = gnu99;
				GCC_NO_COMMON_BLOCKS = YES;
				GCC_WARN_64_TO_32_BIT_CONVERSION = YES;
				GCC_WARN_ABOUT_RETURN_TYPE = YES_ERROR;
				GCC_WARN_UNDECLARED_SELECTOR = YES;
				GCC_WARN_UNINITIALIZED_AUTOS = YES_AGGRESSIVE;
				GCC_WARN_UNUSED_FUNCTION = YES;
				GCC_WARN_UNUSED_VARIABLE = YES;
				IPHONEOS_DEPLOYMENT_TARGET = 8.3;
				MTL_ENABLE_DEBUG_INFO = NO;
				SDKROOT = iphoneos;
				VALIDATE_PRODUCT = YES;
			};
			name = Release;
		};
		98C20AF91B51E8B7000A33C3 /* Debug */ = {
			isa = XCBuildConfiguration;
			baseConfigurationReference = F29F4540F07AB3153D5294C8 /* Pods.debug.xcconfig */;
			buildSettings = {
				ASSETCATALOG_COMPILER_APPICON_NAME = AppIcon;
				INFOPLIST_FILE = "NSURLSessionBartJacobs教程3/Info.plist";
				IPHONEOS_DEPLOYMENT_TARGET = 7.0;
				LD_RUNPATH_SEARCH_PATHS = "$(inherited) @executable_path/Frameworks";
				PRODUCT_NAME = "$(TARGET_NAME)";
			};
			name = Debug;
		};
		98C20AFA1B51E8B7000A33C3 /* Release */ = {
			isa = XCBuildConfiguration;
			baseConfigurationReference = BA32169D8A77167E0E5D1FB0 /* Pods.release.xcconfig */;
			buildSettings = {
				ASSETCATALOG_COMPILER_APPICON_NAME = AppIcon;
				INFOPLIST_FILE = "NSURLSessionBartJacobs教程3/Info.plist";
				IPHONEOS_DEPLOYMENT_TARGET = 7.0;
				LD_RUNPATH_SEARCH_PATHS = "$(inherited) @executable_path/Frameworks";
				PRODUCT_NAME = "$(TARGET_NAME)";
			};
			name = Release;
		};
		98C20AFC1B51E8B7000A33C3 /* Debug */ = {
			isa = XCBuildConfiguration;
			buildSettings = {
				BUNDLE_LOADER = "$(TEST_HOST)";
				FRAMEWORK_SEARCH_PATHS = (
					"$(SDKROOT)/Developer/Library/Frameworks",
					"$(inherited)",
				);
				GCC_PREPROCESSOR_DEFINITIONS = (
					"DEBUG=1",
					"$(inherited)",
				);
				INFOPLIST_FILE = "NSURLSessionBartJacobs教程3Tests/Info.plist";
				LD_RUNPATH_SEARCH_PATHS = "$(inherited) @executable_path/Frameworks @loader_path/Frameworks";
				PRODUCT_NAME = "$(TARGET_NAME)";
				TEST_HOST = "$(BUILT_PRODUCTS_DIR)/NSURLSessionBartJacobs教程3.app/NSURLSessionBartJacobs教程3";
			};
			name = Debug;
		};
		98C20AFD1B51E8B7000A33C3 /* Release */ = {
			isa = XCBuildConfiguration;
			buildSettings = {
				BUNDLE_LOADER = "$(TEST_HOST)";
				FRAMEWORK_SEARCH_PATHS = (
					"$(SDKROOT)/Developer/Library/Frameworks",
					"$(inherited)",
				);
				INFOPLIST_FILE = "NSURLSessionBartJacobs教程3Tests/Info.plist";
				LD_RUNPATH_SEARCH_PATHS = "$(inherited) @executable_path/Frameworks @loader_path/Frameworks";
				PRODUCT_NAME = "$(TARGET_NAME)";
				TEST_HOST = "$(BUILT_PRODUCTS_DIR)/NSURLSessionBartJacobs教程3.app/NSURLSessionBartJacobs教程3";
			};
			name = Release;
		};
/* End XCBuildConfiguration section */

/* Begin XCConfigurationList section */
		98C20AD01B51E8B7000A33C3 /* Build configuration list for PBXProject "NSURLSessionBartJacobs教程3" */ = {
			isa = XCConfigurationList;
			buildConfigurations = (
				98C20AF61B51E8B7000A33C3 /* Debug */,
				98C20AF71B51E8B7000A33C3 /* Release */,
			);
			defaultConfigurationIsVisible = 0;
			defaultConfigurationName = Release;
		};
		98C20AF81B51E8B7000A33C3 /* Build configuration list for PBXNativeTarget "NSURLSessionBartJacobs教程3" */ = {
			isa = XCConfigurationList;
			buildConfigurations = (
				98C20AF91B51E8B7000A33C3 /* Debug */,
				98C20AFA1B51E8B7000A33C3 /* Release */,
			);
			defaultConfigurationIsVisible = 0;
			defaultConfigurationName = Release;
		};
		98C20AFB1B51E8B7000A33C3 /* Build configuration list for PBXNativeTarget "NSURLSessionBartJacobs教程3Tests" */ = {
			isa = XCConfigurationList;
			buildConfigurations = (
				98C20AFC1B51E8B7000A33C3 /* Debug */,
				98C20AFD1B51E8B7000A33C3 /* Release */,
			);
			defaultConfigurationIsVisible = 0;
			defaultConfigurationName = Release;
		};
/* End XCConfigurationList section */
	};
	rootObject = 98C20ACD1B51E8B7000A33C3 /* Project object */;
}
